{
    "_readme": [
        "This file locks the dependencies of your project to a known state",
        "Read more about it at https://getcomposer.org/doc/01-basic-usage.md#installing-dependencies",
        "This file is @generated automatically"
    ],
    "content-hash": "e6a6c8e6d6dcaf8e4a32672bd62a5493",
    "packages": [
        {
            "name": "dshafik/php7-mysql-shim",
            "version": "1.0.0beta4",
            "source": {
                "type": "git",
                "url": "https://github.com/dshafik/php7-mysql-shim.git",
                "reference": "8a940feaa8870daa0f71cb2fdc5976b0eca05a14"
            },
            "dist": {
                "type": "zip",
                "url": "https://api.github.com/repos/dshafik/php7-mysql-shim/zipball/8a940feaa8870daa0f71cb2fdc5976b0eca05a14",
                "reference": "8a940feaa8870daa0f71cb2fdc5976b0eca05a14",
                "shasum": ""
            },
            "require": {
                "ext-mysqli": "*",
                "php": ">=5.3.6"
            },
            "require-dev": {
                "friendsofphp/php-cs-fixer": "^2.16",
                "squizlabs/php_codesniffer": "^3.5",
                "yoast/phpunit-polyfills": "^0.2.0"
            },
            "type": "library",
            "autoload": {
                "files": [
                    "lib/mysql.php"
                ]
            },
            "notification-url": "https://packagist.org/downloads/",
            "license": [
                "MIT"
            ],
            "authors": [
                {
                    "name": "Davey Shafik",
                    "email": "me@daveyshafik.com",
                    "homepage": "https://daveyshafik.com"
                }
            ],
            "description": "A PHP 7 shim for ext/mysql",
            "support": {
                "issues": "https://github.com/dshafik/php7-mysql-shim/issues",
                "source": "https://github.com/dshafik/php7-mysql-shim/tree/1.0.0beta4"
            },
            "time": "2020-12-14T07:30:06+00:00"
        },
        {
            "name": "geertw/ip-anonymizer",
            "version": "v1.1.0",
            "source": {
                "type": "git",
                "url": "https://github.com/geertw/php-ip-anonymizer.git",
                "reference": "6610b85b119de3bb505fd9a484bac67066e4a62f"
            },
            "dist": {
                "type": "zip",
                "url": "https://api.github.com/repos/geertw/php-ip-anonymizer/zipball/6610b85b119de3bb505fd9a484bac67066e4a62f",
                "reference": "6610b85b119de3bb505fd9a484bac67066e4a62f",
                "shasum": ""
            },
            "type": "library",
            "autoload": {
                "psr-4": {
                    "geertw\\IpAnonymizer\\": "src"
                }
            },
            "notification-url": "https://packagist.org/downloads/",
            "license": [
                "MIT"
            ],
            "authors": [
                {
                    "name": "Geert Wirken",
                    "email": "geert@gwirken.nl"
                }
            ],
            "description": "IPv4 and IPv6 address anonymizer",
            "support": {
                "issues": "https://github.com/geertw/php-ip-anonymizer/issues",
                "source": "https://github.com/geertw/php-ip-anonymizer/tree/master"
            },
            "time": "2017-06-24T13:15:14+00:00"
        },
        {
            "name": "staabm/simple-stats",
            "version": "dev-master",
            "source": {
                "type": "git",
                "url": "https://github.com/staabm/Simple-Stats.git",
                "reference": "0f8cf6f69e622bee7fdbfdcb4bb0d2cc1f83ce03"
            },
            "dist": {
                "type": "zip",
                "url": "https://api.github.com/repos/staabm/Simple-Stats/zipball/0f8cf6f69e622bee7fdbfdcb4bb0d2cc1f83ce03",
                "reference": "0f8cf6f69e622bee7fdbfdcb4bb0d2cc1f83ce03",
                "shasum": ""
            },
            "require": {
                "geertw/ip-anonymizer": "^1.0"
            },
            "default-branch": true,
            "type": "library",
            "notification-url": "https://packagist.org/downloads/",
            "license": [
                "MIT"
            ],
            "authors": [
                {
                    "name": "Markus Staab",
                    "email": "markus.staab@redaxo.de"
                }
            ],
            "support": {
                "source": "https://github.com/staabm/Simple-Stats/tree/master"
            },
            "time": "2017-03-19T13:46:08+00:00"
        }
    ],
    "packages-dev": [],
    "aliases": [],
    "minimum-stability": "stable",
    "stability-flags": {
        "dshafik/php7-mysql-shim": 10,
        "staabm/simple-stats": 20
    },
    "prefer-stable": false,
    "prefer-lowest": false,
    "platform": [],
    "platform-dev": [],
    "platform-overrides": {
        "php": "5.5.9"
    },
    "plugin-api-version": "2.2.0"
}
